// !$*UTF8*$!
{
	archiveVersion = 1;
	classes = {
	};
	objectVersion = 50;
	objects = {

/* Begin PBXBuildFile section */
		1087CE82257FCB1500D98D23 /* AppDelegate.swift in Sources */ = {isa = PBXBuildFile; fileRef = 1087CE81257FCB1500D98D23 /* AppDelegate.swift */; };
		1087CE84257FCB1500D98D23 /* SceneDelegate.swift in Sources */ = {isa = PBXBuildFile; fileRef = 1087CE83257FCB1500D98D23 /* SceneDelegate.swift */; };
		1087CE86257FCB1500D98D23 /* ViewController.swift in Sources */ = {isa = PBXBuildFile; fileRef = 1087CE85257FCB1500D98D23 /* ViewController.swift */; };
		1087CE89257FCB1500D98D23 /* Main.storyboard in Resources */ = {isa = PBXBuildFile; fileRef = 1087CE87257FCB1500D98D23 /* Main.storyboard */; };
		1087CE8C257FCB1500D98D23 /* TravelListApp.xcdatamodeld in Sources */ = {isa = PBXBuildFile; fileRef = 1087CE8A257FCB1500D98D23 /* TravelListApp.xcdatamodeld */; };
		1087CE8E257FCB1500D98D23 /* Assets.xcassets in Resources */ = {isa = PBXBuildFile; fileRef = 1087CE8D257FCB1500D98D23 /* Assets.xcassets */; };
		1087CE91257FCB1500D98D23 /* LaunchScreen.storyboard in Resources */ = {isa = PBXBuildFile; fileRef = 1087CE8F257FCB1500D98D23 /* LaunchScreen.storyboard */; };
/* End PBXBuildFile section */

/* Begin PBXFileReference section */
		1087CE7E257FCB1400D98D23 /* TravelListApp.app */ = {isa = PBXFileReference; explicitFileType = wrapper.application; includeInIndex = 0; path = TravelListApp.app; sourceTree = BUILT_PRODUCTS_DIR; };
		1087CE81257FCB1500D98D23 /* AppDelegate.swift */ = {isa = PBXFileReference; lastKnownFileType = sourcecode.swift; path = AppDelegate.swift; sourceTree = "<group>"; };
		1087CE83257FCB1500D98D23 /* SceneDelegate.swift */ = {isa = PBXFileReference; lastKnownFileType = sourcecode.swift; path = SceneDelegate.swift; sourceTree = "<group>"; };
		1087CE85257FCB1500D98D23 /* ViewController.swift */ = {isa = PBXFileReference; lastKnownFileType = sourcecode.swift; path = ViewController.swift; sourceTree = "<group>"; };
		1087CE88257FCB1500D98D23 /* Base */ = {isa = PBXFileReference; lastKnownFileType = file.storyboard; name = Base; path = Base.lproj/Main.storyboard; sourceTree = "<group>"; };
		1087CE8B257FCB1500D98D23 /* TravelListApp.xcdatamodel */ = {isa = PBXFileReference; lastKnownFileType = wrapper.xcdatamodel; path = TravelListApp.xcdatamodel; sourceTree = "<group>"; };
		1087CE8D257FCB1500D98D23 /* Assets.xcassets */ = {isa = PBXFileReference; lastKnownFileType = folder.assetcatalog; path = Assets.xcassets; sourceTree = "<group>"; };
		1087CE90257FCB1500D98D23 /* Base */ = {isa = PBXFileReference; lastKnownFileType = file.storyboard; name = Base; path = Base.lproj/LaunchScreen.storyboard; sourceTree = "<group>"; };
		1087CE92257FCB1500D98D23 /* Info.plist */ = {isa = PBXFileReference; lastKnownFileType = text.plist.xml; path = Info.plist; sourceTree = "<group>"; };
/* End PBXFileReference section */

/* Begin PBXFrameworksBuildPhase section */
		1087CE7B257FCB1400D98D23 /* Frameworks */ = {
			isa = PBXFrameworksBuildPhase;
			buildActionMask = 2147483647;
			files = (
			);
			runOnlyForDeploymentPostprocessing = 0;
		};
/* End PBXFrameworksBuildPhase section */

/* Begin PBXGroup section */
		1087CE75257FCB1400D98D23 = {
			isa = PBXGroup;
			children = (
				1087CE80257FCB1400D98D23 /* TravelListApp */,
				1087CE7F257FCB1400D98D23 /* Products */,
			);
			sourceTree = "<group>";
		};
		1087CE7F257FCB1400D98D23 /* Products */ = {
			isa = PBXGroup;
			children = (
				1087CE7E257FCB1400D98D23 /* TravelListApp.app */,
			);
			name = Products;
			sourceTree = "<group>";
		};
		1087CE80257FCB1400D98D23 /* TravelListApp */ = {
			isa = PBXGroup;
			children = (
				1087CE81257FCB1500D98D23 /* AppDelegate.swift */,
				1087CE83257FCB1500D98D23 /* SceneDelegate.swift */,
				1087CE85257FCB1500D98D23 /* ViewController.swift */,
				1087CE87257FCB1500D98D23 /* Main.storyboard */,
				1087CE8D257FCB1500D98D23 /* Assets.xcassets */,
				1087CE8F257FCB1500D98D23 /* LaunchScreen.storyboard */,
				1087CE92257FCB1500D98D23 /* Info.plist */,
				1087CE8A257FCB1500D98D23 /* TravelListApp.xcdatamodeld */,
			);
			path = TravelListApp;
			sourceTree = "<group>";
		};
/* End PBXGroup section */

/* Begin PBXNativeTarget section */
		1087CE7D257FCB1400D98D23 /* TravelListApp */ = {
			isa = PBXNativeTarget;
			buildConfigurationList = 1087CE95257FCB1500D98D23 /* Build configuration list for PBXNativeTarget "TravelListApp" */;
			buildPhases = (
				1087CE7A257FCB1400D98D23 /* Sources */,
				1087CE7B257FCB1400D98D23 /* Frameworks */,
				1087CE7C257FCB1400D98D23 /* Resources */,
			);
			buildRules = (
			);
			dependencies = (
			);
			name = TravelListApp;
			productName = TravelListApp;
			productReference = 1087CE7E257FCB1400D98D23 /* TravelListApp.app */;
			productType = "com.apple.product-type.application";
		};
/* End PBXNativeTarget section */

/* Begin PBXProject section */
		1087CE76257FCB1400D98D23 /* Project object */ = {
			isa = PBXProject;
			attributes = {
				LastSwiftUpdateCheck = 1220;
				LastUpgradeCheck = 1220;
				TargetAttributes = {
					1087CE7D257FCB1400D98D23 = {
						CreatedOnToolsVersion = 12.2;
					};
				};
			};
			buildConfigurationList = 1087CE79257FCB1400D98D23 /* Build configuration list for PBXProject "TravelListApp" */;
			compatibilityVersion = "Xcode 9.3";
			developmentRegion = en;
			hasScannedForEncodings = 0;
			knownRegions = (
				en,
				Base,
			);
			mainGroup = 1087CE75257FCB1400D98D23;
			productRefGroup = 1087CE7F257FCB1400D98D23 /* Products */;
			projectDirPath = "";
			projectRoot = "";
			targets = (
				1087CE7D257FCB1400D98D23 /* TravelListApp */,
			);
		};
/* End PBXProject section */

/* Begin PBXResourcesBuildPhase section */
		1087CE7C257FCB1400D98D23 /* Resources */ = {
			isa = PBXResourcesBuildPhase;
			buildActionMask = 2147483647;
			files = (
				1087CE91257FCB1500D98D23 /* LaunchScreen.storyboard in Resources */,
				1087CE8E257FCB1500D98D23 /* Assets.xcassets in Resources */,
				1087CE89257FCB1500D98D23 /* Main.storyboard in Resources */,
			);
			runOnlyForDeploymentPostprocessing = 0;
		};
/* End PBXResourcesBuildPhase section */

/* Begin PBXSourcesBuildPhase section */
		1087CE7A257FCB1400D98D23 /* Sources */ = {
			isa = PBXSourcesBuildPhase;
			buildActionMask = 2147483647;
			files = (
				1087CE86257FCB1500D98D23 /* ViewController.swift in Sources */,
				1087CE8C257FCB1500D98D23 /* TravelListApp.xcdatamodeld in Sources */,
				1087CE82257FCB1500D98D23 /* AppDelegate.swift in Sources */,
				1087CE84257FCB1500D98D23 /* SceneDelegate.swift in Sources */,
			);
			runOnlyForDeploymentPostprocessing = 0;
		};
/* End PBXSourcesBuildPhase section */

/* Begin PBXVariantGroup section */
		1087CE87257FCB1500D98D23 /* Main.storyboard */ = {
			isa = PBXVariantGroup;
			children = (
				1087CE88257FCB1500D98D23 /* Base */,
			);
			name = Main.storyboard;
			sourceTree = "<group>";
		};
		1087CE8F257FCB1500D98D23 /* LaunchScreen.storyboard */ = {
			isa = PBXVariantGroup;
			children = (
				1087CE90257FCB1500D98D23 /* Base */,
			);
			name = LaunchScreen.storyboard;
			sourceTree = "<group>";
		};
/* End PBXVariantGroup section */

/* Begin XCBuildConfiguration section */
		1087CE93257FCB1500D98D23 /* Debug */ = {
			isa = XCBuildConfiguration;
			buildSettings = {
				ALWAYS_SEARCH_USER_PATHS = NO;
				CLANG_ANALYZER_NONNULL = YES;
				CLANG_ANALYZER_NUMBER_OBJECT_CONVERSION = YES_AGGRESSIVE;
				CLANG_CXX_LANGUAGE_STANDARD = "gnu++14";
				CLANG_CXX_LIBRARY = "libc++";
				CLANG_ENABLE_MODULES = YES;
				CLANG_ENABLE_OBJC_ARC = YES;
				CLANG_ENABLE_OBJC_WEAK = YES;
				CLANG_WARN_BLOCK_CAPTURE_AUTORELEASING = YES;
				CLANG_WARN_BOOL_CONVERSION = YES;
				CLANG_WARN_COMMA = YES;
				CLANG_WARN_CONSTANT_CONVERSION = YES;
				CLANG_WARN_DEPRECATED_OBJC_IMPLEMENTATIONS = YES;
				CLANG_WARN_DIRECT_OBJC_ISA_USAGE = YES_ERROR;
				CLANG_WARN_DOCUMENTATION_COMMENTS = YES;
				CLANG_WARN_EMPTY_BODY = YES;
				CLANG_WARN_ENUM_CONVERSION = YES;
				CLANG_WARN_INFINITE_RECURSION = YES;
				CLANG_WARN_INT_CONVERSION = YES;
				CLANG_WARN_NON_LITERAL_NULL_CONVERSION = YES;
				CLANG_WARN_OBJC_IMPLICIT_RETAIN_SELF = YES;
				CLANG_WARN_OBJC_LITERAL_CONVERSION = YES;
				CLANG_WARN_OBJC_ROOT_CLASS = YES_ERROR;
				CLANG_WARN_QUOTED_INCLUDE_IN_FRAMEWORK_HEADER = YES;
				CLANG_WARN_RANGE_LOOP_ANALYSIS = YES;
				CLANG_WARN_STRICT_PROTOTYPES = YES;
				CLANG_WARN_SUSPICIOUS_MOVE = YES;
				CLANG_WARN_UNGUARDED_AVAILABILITY = YES_AGGRESSIVE;
				CLANG_WARN_UNREACHABLE_CODE = YES;
				CLANG_WARN__DUPLICATE_METHOD_MATCH = YES;
				COPY_PHASE_STRIP = NO;
				DEBUG_INFORMATION_FORMAT = dwarf;
				ENABLE_STRICT_OBJC_MSGSEND = YES;
				ENABLE_TESTABILITY = YES;
				GCC_C_LANGUAGE_STANDARD = gnu11;
				GCC_DYNAMIC_NO_PIC = NO;
				GCC_NO_COMMON_BLOCKS = YES;
				GCC_OPTIMIZATION_LEVEL = 0;
				GCC_PREPROCESSOR_DEFINITIONS = (
					"DEBUG=1",
					"$(inherited)",
				);
				GCC_WARN_64_TO_32_BIT_CONVERSION = YES;
				GCC_WARN_ABOUT_RETURN_TYPE = YES_ERROR;
				GCC_WARN_UNDECLARED_SELECTOR = YES;
				GCC_WARN_UNINITIALIZED_AUTOS = YES_AGGRESSIVE;
				GCC_WARN_UNUSED_FUNCTION = YES;
				GCC_WARN_UNUSED_VARIABLE = YES;
				IPHONEOS_DEPLOYMENT_TARGET = 14.2;
				MTL_ENABLE_DEBUG_INFO = INCLUDE_SOURCE;
				MTL_FAST_MATH = YES;
				ONLY_ACTIVE_ARCH = YES;
				SDKROOT = iphoneos;
				SWIFT_ACTIVE_COMPILATION_CONDITIONS = DEBUG;
				SWIFT_OPTIMIZATION_LEVEL = "-Onone";
			};
			name = Debug;
		};
		1087CE94257FCB1500D98D23 /* Release */ = {
			isa = XCBuildConfiguration;
			buildSettings = {
				ALWAYS_SEARCH_USER_PATHS = NO;
				CLANG_ANALYZER_NONNULL = YES;
				CLANG_ANALYZER_NUMBER_OBJECT_CONVERSION = YES_AGGRESSIVE;
				CLANG_CXX_LANGUAGE_STANDARD = "gnu++14";
				CLANG_CXX_LIBRARY = "libc++";
				CLANG_ENABLE_MODULES = YES;
				CLANG_ENABLE_OBJC_ARC = YES;
				CLANG_ENABLE_OBJC_WEAK = YES;
				CLANG_WARN_BLOCK_CAPTURE_AUTORELEASING = YES;
				CLANG_WARN_BOOL_CONVERSION = YES;
				CLANG_WARN_COMMA = YES;
				CLANG_WARN_CONSTANT_CONVERSION = YES;
				CLANG_WARN_DEPRECATED_OBJC_IMPLEMENTATIONS = YES;
				CLANG_WARN_DIRECT_OBJC_ISA_USAGE = YES_ERROR;
				CLANG_WARN_DOCUMENTATION_COMMENTS = YES;
				CLANG_WARN_EMPTY_BODY = YES;
				CLANG_WARN_ENUM_CONVERSION = YES;
				CLANG_WARN_INFINITE_RECURSION = YES;
				CLANG_WARN_INT_CONVERSION = YES;
				CLANG_WARN_NON_LITERAL_NULL_CONVERSION = YES;
				CLANG_WARN_OBJC_IMPLICIT_RETAIN_SELF = YES;
				CLANG_WARN_OBJC_LITERAL_CONVERSION = YES;
				CLANG_WARN_OBJC_ROOT_CLASS = YES_ERROR;
				CLANG_WARN_QUOTED_INCLUDE_IN_FRAMEWORK_HEADER = YES;
				CLANG_WARN_RANGE_LOOP_ANALYSIS = YES;
				CLANG_WARN_STRICT_PROTOTYPES = YES;
				CLANG_WARN_SUSPICIOUS_MOVE = YES;
				CLANG_WARN_UNGUARDED_AVAILABILITY = YES_AGGRESSIVE;
				CLANG_WARN_UNREACHABLE_CODE = YES;
				CLANG_WARN__DUPLICATE_METHOD_MATCH = YES;
				COPY_PHASE_STRIP = NO;
				DEBUG_INFORMATION_FORMAT = "dwarf-with-dsym";
				ENABLE_NS_ASSERTIONS = NO;
				ENABLE_STRICT_OBJC_MSGSEND = YES;
				GCC_C_LANGUAGE_STANDARD = gnu11;
				GCC_NO_COMMON_BLOCKS = YES;
				GCC_WARN_64_TO_32_BIT_CONVERSION = YES;
				GCC_WARN_ABOUT_RETURN_TYPE = YES_ERROR;
				GCC_WARN_UNDECLARED_SELECTOR = YES;
				GCC_WARN_UNINITIALIZED_AUTOS = YES_AGGRESSIVE;
				GCC_WARN_UNUSED_FUNCTION = YES;
				GCC_WARN_UNUSED_VARIABLE = YES;
				IPHONEOS_DEPLOYMENT_TARGET = 14.2;
				MTL_ENABLE_DEBUG_INFO = NO;
				MTL_FAST_MATH = YES;
				SDKROOT = iphoneos;
				SWIFT_COMPILATION_MODE = wholemodule;
				SWIFT_OPTIMIZATION_LEVEL = "-O";
				VALIDATE_PRODUCT = YES;
			};
			name = Release;
		};
		1087CE96257FCB1500D98D23 /* Debug */ = {
			isa = XCBuildConfiguration;
			buildSettings = {
				ASSETCATALOG_COMPILER_APPICON_NAME = AppIcon;
				ASSETCATALOG_COMPILER_GLOBAL_ACCENT_COLOR_NAME = AccentColor;
				CODE_SIGN_STYLE = Automatic;
				DEVELOPMENT_TEAM = 963BL373V2;
				INFOPLIST_FILE = TravelListApp/Info.plist;
				LD_RUNPATH_SEARCH_PATHS = (
					"$(inherited)",
					"@executable_path/Frameworks",
				);
				PRODUCT_BUNDLE_IDENTIFIER = com.dogukanyolcuoglu.TravelListApp;
				PRODUCT_NAME = "$(TARGET_NAME)";
				SWIFT_VERSION = 5.0;
				TARGETED_DEVICE_FAMILY = "1,2";
			};
			name = Debug;
		};
		1087CE97257FCB1500D98D23 /* Release */ = {
			isa = XCBuildConfiguration;
			buildSettings = {
				ASSETCATALOG_COMPILER_APPICON_NAME = AppIcon;
				ASSETCATALOG_COMPILER_GLOBAL_ACCENT_COLOR_NAME = AccentColor;
				CODE_SIGN_STYLE = Automatic;
				DEVELOPMENT_TEAM = 963BL373V2;
				INFOPLIST_FILE = TravelListApp/Info.plist;
				LD_RUNPATH_SEARCH_PATHS = (
					"$(inherited)",
					"@executable_path/Frameworks",
				);
				PRODUCT_BUNDLE_IDENTIFIER = com.dogukanyolcuoglu.TravelListApp;
				PRODUCT_NAME = "$(TARGET_NAME)";
				SWIFT_VERSION = 5.0;
				TARGETED_DEVICE_FAMILY = "1,2";
			};
			name = Release;
		};
/* End XCBuildConfiguration section */

/* Begin XCConfigurationList section */
		1087CE79257FCB1400D98D23 /* Build configuration list for PBXProject "TravelListApp" */ = {
			isa = XCConfigurationList;
			buildConfigurations = (
				1087CE93257FCB1500D98D23 /* Debug */,
				1087CE94257FCB1500D98D23 /* Release */,
			);
			defaultConfigurationIsVisible = 0;
			defaultConfigurationName = Release;
		};
		1087CE95257FCB1500D98D23 /* Build configuration list for PBXNativeTarget "TravelListApp" */ = {
			isa = XCConfigurationList;
			buildConfigurations = (
				1087CE96257FCB1500D98D23 /* Debug */,
				1087CE97257FCB1500D98D23 /* Release */,
			);
			defaultConfigurationIsVisible = 0;
			defaultConfigurationName = Release;
		};
/* End XCConfigurationList section */

/* Begin XCVersionGroup section */
		1087CE8A257FCB1500D98D23 /* TravelListApp.xcdatamodeld */ = {
			isa = XCVersionGroup;
			children = (
				1087CE8B257FCB1500D98D23 /* TravelListApp.xcdatamodel */,
			);
			currentVersion = 1087CE8B257FCB1500D98D23 /* TravelListApp.xcdatamodel */;
			path = TravelListApp.xcdatamodeld;
			sourceTree = "<group>";
			versionGroupType = wrapper.xcdatamodel;
		};
/* End XCVersionGroup section */
	};
	rootObject = 1087CE76257FCB1400D98D23 /* Project object */;
}
